
Microsoft Visual Studio Solution File, Format Version 12.00
# Visual Studio Version 17
VisualStudioVersion = 17.11.35312.102
MinimumVisualStudioVersion = 10.0.40219.1
Project("{FAE04EC0-301F-11D3-BF4B-00C04F79EFBC}") = "MVVM_NCL.Android", "MVVM_NCL.Android\MVVM_NCL.Android.csproj", "{42B3FC03-A7D6-4E7C-BB17-32162BA77BF3}"
EndProject
Project("{FAE04EC0-301F-11D3-BF4B-00C04F79EFBC}") = "MVVM_NCL.iOS", "MVVM_NCL.iOS\MVVM_NCL.iOS.csproj", "{0F35A901-8D18-44A9-985A-1AADCB1AACF3}"
EndProject
Project("{9A19103F-16F7-4668-BE54-9A1E7A4F7556}") = "MVVM_NCL", "MVVM_NCL\MVVM_NCL.csproj", "{0EB728CE-CB89-459D-9A6B-71627BEF2D43}"
EndProject
Global
	GlobalSection(SolutionConfigurationPlatforms) = preSolution
		Debug|Any CPU = Debug|Any CPU
		Debug|iPhone = Debug|iPhone
		Debug|iPhoneSimulator = Debug|iPhoneSimulator
		Release|Any CPU = Release|Any CPU
		Release|iPhone = Release|iPhone
		Release|iPhoneSimulator = Release|iPhoneSimulator
	EndGlobalSection
	GlobalSection(ProjectConfigurationPlatforms) = postSolution
		{42B3FC03-A7D6-4E7C-BB17-32162BA77BF3}.Debug|Any CPU.ActiveCfg = Debug|Any CPU
		{42B3FC03-A7D6-4E7C-BB17-32162BA77BF3}.Debug|Any CPU.Build.0 = Debug|Any CPU
		{42B3FC03-A7D6-4E7C-BB17-32162BA77BF3}.Debug|Any CPU.Deploy.0 = Debug|Any CPU
		{42B3FC03-A7D6-4E7C-BB17-32162BA77BF3}.Debug|iPhone.ActiveCfg = Debug|Any CPU
		{42B3FC03-A7D6-4E7C-BB17-32162BA77BF3}.Debug|iPhone.Build.0 = Debug|Any CPU
		{42B3FC03-A7D6-4E7C-BB17-32162BA77BF3}.Debug|iPhone.Deploy.0 = Debug|Any CPU
		{42B3FC03-A7D6-4E7C-BB17-32162BA77BF3}.Debug|iPhoneSimulator.ActiveCfg = Debug|Any CPU
		{42B3FC03-A7D6-4E7C-BB17-32162BA77BF3}.Debug|iPhoneSimulator.Build.0 = Debug|Any CPU
		{42B3FC03-A7D6-4E7C-BB17-32162BA77BF3}.Debug|iPhoneSimulator.Deploy.0 = Debug|Any CPU
		{42B3FC03-A7D6-4E7C-BB17-32162BA77BF3}.Release|Any CPU.ActiveCfg = Release|Any CPU
		{42B3FC03-A7D6-4E7C-BB17-32162BA77BF3}.Release|Any CPU.Build.0 = Release|Any CPU
		{42B3FC03-A7D6-4E7C-BB17-32162BA77BF3}.Release|Any CPU.Deploy.0 = Release|Any CPU
		{42B3FC03-A7D6-4E7C-BB17-32162BA77BF3}.Release|iPhone.ActiveCfg = Release|Any CPU
		{42B3FC03-A7D6-4E7C-BB17-32162BA77BF3}.Release|iPhone.Build.0 = Release|Any CPU
		{42B3FC03-A7D6-4E7C-BB17-32162BA77BF3}.Release|iPhone.Deploy.0 = Release|Any CPU
		{42B3FC03-A7D6-4E7C-BB17-32162BA77BF3}.Release|iPhoneSimulator.ActiveCfg = Release|Any CPU
		{42B3FC03-A7D6-4E7C-BB17-32162BA77BF3}.Release|iPhoneSimulator.Build.0 = Release|Any CPU
		{42B3FC03-A7D6-4E7C-BB17-32162BA77BF3}.Release|iPhoneSimulator.Deploy.0 = Release|Any CPU
		{0F35A901-8D18-44A9-985A-1AADCB1AACF3}.Debug|Any CPU.ActiveCfg = Debug|iPhone
		{0F35A901-8D18-44A9-985A-1AADCB1AACF3}.Debug|Any CPU.Build.0 = Debug|iPhone
		{0F35A901-8D18-44A9-985A-1AADCB1AACF3}.Debug|Any CPU.Deploy.0 = Debug|iPhone
		{0F35A901-8D18-44A9-985A-1AADCB1AACF3}.Debug|iPhone.ActiveCfg = Debug|iPhone
		{0F35A901-8D18-44A9-985A-1AADCB1AACF3}.Debug|iPhone.Build.0 = Debug|iPhone
		{0F35A901-8D18-44A9-985A-1AADCB1AACF3}.Debug|iPhone.Deploy.0 = Debug|iPhone
		{0F35A901-8D18-44A9-985A-1AADCB1AACF3}.Debug|iPhoneSimulator.ActiveCfg = Debug|iPhoneSimulator
		{0F35A901-8D18-44A9-985A-1AADCB1AACF3}.Debug|iPhoneSimulator.Build.0 = Debug|iPhoneSimulator
		{0F35A901-8D18-44A9-985A-1AADCB1AACF3}.Debug|iPhoneSimulator.Deploy.0 = Debug|iPhoneSimulator
		{0F35A901-8D18-44A9-985A-1AADCB1AACF3}.Release|Any CPU.ActiveCfg = Release|iPhoneSimulator
		{0F35A901-8D18-44A9-985A-1AADCB1AACF3}.Release|Any CPU.Build.0 = Release|iPhoneSimulator
		{0F35A901-8D18-44A9-985A-1AADCB1AACF3}.Release|Any CPU.Deploy.0 = Release|iPhoneSimulator
		{0F35A901-8D18-44A9-985A-1AADCB1AACF3}.Release|iPhone.ActiveCfg = Release|iPhone
		{0F35A901-8D18-44A9-985A-1AADCB1AACF3}.Release|iPhone.Build.0 = Release|iPhone
		{0F35A901-8D18-44A9-985A-1AADCB1AACF3}.Release|iPhone.Deploy.0 = Release|iPhone
		{0F35A901-8D18-44A9-985A-1AADCB1AACF3}.Release|iPhoneSimulator.ActiveCfg = Release|iPhoneSimulator
		{0F35A901-8D18-44A9-985A-1AADCB1AACF3}.Release|iPhoneSimulator.Build.0 = Release|iPhoneSimulator
		{0F35A901-8D18-44A9-985A-1AADCB1AACF3}.Release|iPhoneSimulator.Deploy.0 = Release|iPhoneSimulator
		{0EB728CE-CB89-459D-9A6B-71627BEF2D43}.Debug|Any CPU.ActiveCfg = Debug|Any CPU
		{0EB728CE-CB89-459D-9A6B-71627BEF2D43}.Debug|Any CPU.Build.0 = Debug|Any CPU
		{0EB728CE-CB89-459D-9A6B-71627BEF2D43}.Debug|Any CPU.Deploy.0 = Debug|Any CPU
		{0EB728CE-CB89-459D-9A6B-71627BEF2D43}.Debug|iPhone.ActiveCfg = Debug|Any CPU
		{0EB728CE-CB89-459D-9A6B-71627BEF2D43}.Debug|iPhone.Build.0 = Debug|Any CPU
		{0EB728CE-CB89-459D-9A6B-71627BEF2D43}.Debug|iPhone.Deploy.0 = Debug|Any CPU
		{0EB728CE-CB89-459D-9A6B-71627BEF2D43}.Debug|iPhoneSimulator.ActiveCfg = Debug|Any CPU
		{0EB728CE-CB89-459D-9A6B-71627BEF2D43}.Debug|iPhoneSimulator.Build.0 = Debug|Any CPU
		{0EB728CE-CB89-459D-9A6B-71627BEF2D43}.Debug|iPhoneSimulator.Deploy.0 = Debug|Any CPU
		{0EB728CE-CB89-459D-9A6B-71627BEF2D43}.Release|Any CPU.ActiveCfg = Release|Any CPU
		{0EB728CE-CB89-459D-9A6B-71627BEF2D43}.Release|Any CPU.Build.0 = Release|Any CPU
		{0EB728CE-CB89-459D-9A6B-71627BEF2D43}.Release|Any CPU.Deploy.0 = Release|Any CPU
		{0EB728CE-CB89-459D-9A6B-71627BEF2D43}.Release|iPhone.ActiveCfg = Release|Any CPU
		{0EB728CE-CB89-459D-9A6B-71627BEF2D43}.Release|iPhone.Build.0 = Release|Any CPU
		{0EB728CE-CB89-459D-9A6B-71627BEF2D43}.Release|iPhone.Deploy.0 = Release|Any CPU
		{0EB728CE-CB89-459D-9A6B-71627BEF2D43}.Release|iPhoneSimulator.ActiveCfg = Release|Any CPU
		{0EB728CE-CB89-459D-9A6B-71627BEF2D43}.Release|iPhoneSimulator.Build.0 = Release|Any CPU
		{0EB728CE-CB89-459D-9A6B-71627BEF2D43}.Release|iPhoneSimulator.Deploy.0 = Release|Any CPU
	EndGlobalSection
	GlobalSection(SolutionProperties) = preSolution
		HideSolutionNode = FALSE
	EndGlobalSection
	GlobalSection(ExtensibilityGlobals) = postSolution
		SolutionGuid = {7608EC6D-9452-44C5-8B8F-8CA8FD2535CE}
	EndGlobalSection
EndGlobal
